
Microsoft Visual Studio Solution File, Format Version 12.00
# Visual Studio Version 17
VisualStudioVersion = 17.7.34031.279
MinimumVisualStudioVersion = 10.0.40219.1
Project("{FAE04EC0-301F-11D3-BF4B-00C04F79EFBC}") = "CleanArchMvc.Application", "CleanArchMvc.Application\CleanArchMvc.Application.csproj", "{3FC22BE3-C81C-4A82-A176-E34CE6DD6233}"
EndProject
Project("{FAE04EC0-301F-11D3-BF4B-00C04F79EFBC}") = "CleanArchMvc.Infra.Data", "CleanArchMvc.Infra.Data\CleanArchMvc.Infra.Data.csproj", "{7A7E19A1-8DE8-4978-B840-7E91369F7355}"
EndProject
Project("{FAE04EC0-301F-11D3-BF4B-00C04F79EFBC}") = "CleanArchMvc.Domain", "CleanArchMvc.Domain\CleanArchMvc.Domain.csproj", "{90241CBA-8E7C-45F5-ADB1-8015ECA91F95}"
EndProject
Project("{FAE04EC0-301F-11D3-BF4B-00C04F79EFBC}") = "CleanArchMvc.Infra.IoC", "CleanArchMvc.Infra.IoC\CleanArchMvc.Infra.IoC.csproj", "{3B9BBC1A-5E25-42D6-895B-7F93AD1DF9BD}"
EndProject
Project("{FAE04EC0-301F-11D3-BF4B-00C04F79EFBC}") = "CleanArchMvc.WebUI", "CleanArchMvc.WebUI\CleanArchMvc.WebUI.csproj", "{91548EAD-6F36-40B4-9C69-4219EC8299E8}"
EndProject
Global
	GlobalSection(SolutionConfigurationPlatforms) = preSolution
		Debug|Any CPU = Debug|Any CPU
		Release|Any CPU = Release|Any CPU
	EndGlobalSection
	GlobalSection(ProjectConfigurationPlatforms) = postSolution
		{3FC22BE3-C81C-4A82-A176-E34CE6DD6233}.Debug|Any CPU.ActiveCfg = Debug|Any CPU
		{3FC22BE3-C81C-4A82-A176-E34CE6DD6233}.Debug|Any CPU.Build.0 = Debug|Any CPU
		{3FC22BE3-C81C-4A82-A176-E34CE6DD6233}.Release|Any CPU.ActiveCfg = Release|Any CPU
		{3FC22BE3-C81C-4A82-A176-E34CE6DD6233}.Release|Any CPU.Build.0 = Release|Any CPU
		{7A7E19A1-8DE8-4978-B840-7E91369F7355}.Debug|Any CPU.ActiveCfg = Debug|Any CPU
		{7A7E19A1-8DE8-4978-B840-7E91369F7355}.Debug|Any CPU.Build.0 = Debug|Any CPU
		{7A7E19A1-8DE8-4978-B840-7E91369F7355}.Release|Any CPU.ActiveCfg = Release|Any CPU
		{7A7E19A1-8DE8-4978-B840-7E91369F7355}.Release|Any CPU.Build.0 = Release|Any CPU
		{90241CBA-8E7C-45F5-ADB1-8015ECA91F95}.Debug|Any CPU.ActiveCfg = Debug|Any CPU
		{90241CBA-8E7C-45F5-ADB1-8015ECA91F95}.Debug|Any CPU.Build.0 = Debug|Any CPU
		{90241CBA-8E7C-45F5-ADB1-8015ECA91F95}.Release|Any CPU.ActiveCfg = Release|Any CPU
		{90241CBA-8E7C-45F5-ADB1-8015ECA91F95}.Release|Any CPU.Build.0 = Release|Any CPU
		{3B9BBC1A-5E25-42D6-895B-7F93AD1DF9BD}.Debug|Any CPU.ActiveCfg = Debug|Any CPU
		{3B9BBC1A-5E25-42D6-895B-7F93AD1DF9BD}.Debug|Any CPU.Build.0 = Debug|Any CPU
		{3B9BBC1A-5E25-42D6-895B-7F93AD1DF9BD}.Release|Any CPU.ActiveCfg = Release|Any CPU
		{3B9BBC1A-5E25-42D6-895B-7F93AD1DF9BD}.Release|Any CPU.Build.0 = Release|Any CPU
		{91548EAD-6F36-40B4-9C69-4219EC8299E8}.Debug|Any CPU.ActiveCfg = Debug|Any CPU
		{91548EAD-6F36-40B4-9C69-4219EC8299E8}.Debug|Any CPU.Build.0 = Debug|Any CPU
		{91548EAD-6F36-40B4-9C69-4219EC8299E8}.Release|Any CPU.ActiveCfg = Release|Any CPU
		{91548EAD-6F36-40B4-9C69-4219EC8299E8}.Release|Any CPU.Build.0 = Release|Any CPU
	EndGlobalSection
	GlobalSection(SolutionProperties) = preSolution
		HideSolutionNode = FALSE
	EndGlobalSection
	GlobalSection(ExtensibilityGlobals) = postSolution
		SolutionGuid = {BAEA5FC6-744A-4DEE-A5D6-87B3C92DEF31}
	EndGlobalSection
EndGlobal
