
Microsoft Visual Studio Solution File, Format Version 12.00
# Visual Studio Version 17
VisualStudioVersion = 17.7.34031.279
MinimumVisualStudioVersion = 10.0.40219.1
Project("{9A19103F-16F7-4668-BE54-9A1E7A4F7556}") = "CleanArchMvc.Application", "CleanArchMvc.Application\CleanArchMvc.Application.csproj", "{3FC22BE3-C81C-4A82-A176-E34CE6DD6233}"
EndProject
Project("{9A19103F-16F7-4668-BE54-9A1E7A4F7556}") = "CleanArchMvc.Infra.Data", "CleanArchMvc.Infra.Data\CleanArchMvc.Infra.Data.csproj", "{7A7E19A1-8DE8-4978-B840-7E91369F7355}"
EndProject
Project("{9A19103F-16F7-4668-BE54-9A1E7A4F7556}") = "CleanArchMvc.Domain", "CleanArchMvc.Domain\CleanArchMvc.Domain.csproj", "{90241CBA-8E7C-45F5-ADB1-8015ECA91F95}"
EndProject
Project("{9A19103F-16F7-4668-BE54-9A1E7A4F7556}") = "CleanArchMvc.Infra.IoC", "CleanArchMvc.Infra.IoC\CleanArchMvc.Infra.IoC.csproj", "{3B9BBC1A-5E25-42D6-895B-7F93AD1DF9BD}"
EndProject
Project("{9A19103F-16F7-4668-BE54-9A1E7A4F7556}") = "CleanArchMvc.Domain.Tests", "CleanArchMvc.Domain.Tests\CleanArchMvc.Domain.Tests.csproj", "{B688E3DE-43EB-42FF-81C3-0F424D516CF6}"
EndProject
Project("{FAE04EC0-301F-11D3-BF4B-00C04F79EFBC}") = "CleanArchMvc.WebUI", "CleanArchMvc.WebUI\CleanArchMvc.WebUI.csproj", "{B62FC050-47E1-4A24-8CD5-9C3AFA25E154}"
EndProject
Global
	GlobalSection(SolutionConfigurationPlatforms) = preSolution
		Debug|Any CPU = Debug|Any CPU
		Release|Any CPU = Release|Any CPU
	EndGlobalSection
	GlobalSection(ProjectConfigurationPlatforms) = postSolution
		{3FC22BE3-C81C-4A82-A176-E34CE6DD6233}.Debug|Any CPU.ActiveCfg = Debug|Any CPU
		{3FC22BE3-C81C-4A82-A176-E34CE6DD6233}.Debug|Any CPU.Build.0 = Debug|Any CPU
		{3FC22BE3-C81C-4A82-A176-E34CE6DD6233}.Release|Any CPU.ActiveCfg = Release|Any CPU
		{3FC22BE3-C81C-4A82-A176-E34CE6DD6233}.Release|Any CPU.Build.0 = Release|Any CPU
		{7A7E19A1-8DE8-4978-B840-7E91369F7355}.Debug|Any CPU.ActiveCfg = Debug|Any CPU
		{7A7E19A1-8DE8-4978-B840-7E91369F7355}.Debug|Any CPU.Build.0 = Debug|Any CPU
		{7A7E19A1-8DE8-4978-B840-7E91369F7355}.Release|Any CPU.ActiveCfg = Release|Any CPU
		{7A7E19A1-8DE8-4978-B840-7E91369F7355}.Release|Any CPU.Build.0 = Release|Any CPU
		{90241CBA-8E7C-45F5-ADB1-8015ECA91F95}.Debug|Any CPU.ActiveCfg = Debug|Any CPU
		{90241CBA-8E7C-45F5-ADB1-8015ECA91F95}.Debug|Any CPU.Build.0 = Debug|Any CPU
		{90241CBA-8E7C-45F5-ADB1-8015ECA91F95}.Release|Any CPU.ActiveCfg = Release|Any CPU
		{90241CBA-8E7C-45F5-ADB1-8015ECA91F95}.Release|Any CPU.Build.0 = Release|Any CPU
		{3B9BBC1A-5E25-42D6-895B-7F93AD1DF9BD}.Debug|Any CPU.ActiveCfg = Debug|Any CPU
		{3B9BBC1A-5E25-42D6-895B-7F93AD1DF9BD}.Debug|Any CPU.Build.0 = Debug|Any CPU
		{3B9BBC1A-5E25-42D6-895B-7F93AD1DF9BD}.Release|Any CPU.ActiveCfg = Release|Any CPU
		{3B9BBC1A-5E25-42D6-895B-7F93AD1DF9BD}.Release|Any CPU.Build.0 = Release|Any CPU
		{B688E3DE-43EB-42FF-81C3-0F424D516CF6}.Debug|Any CPU.ActiveCfg = Debug|Any CPU
		{B688E3DE-43EB-42FF-81C3-0F424D516CF6}.Debug|Any CPU.Build.0 = Debug|Any CPU
		{B688E3DE-43EB-42FF-81C3-0F424D516CF6}.Release|Any CPU.ActiveCfg = Release|Any CPU
		{B688E3DE-43EB-42FF-81C3-0F424D516CF6}.Release|Any CPU.Build.0 = Release|Any CPU
		{B62FC050-47E1-4A24-8CD5-9C3AFA25E154}.Debug|Any CPU.ActiveCfg = Debug|Any CPU
		{B62FC050-47E1-4A24-8CD5-9C3AFA25E154}.Debug|Any CPU.Build.0 = Debug|Any CPU
		{B62FC050-47E1-4A24-8CD5-9C3AFA25E154}.Release|Any CPU.ActiveCfg = Release|Any CPU
		{B62FC050-47E1-4A24-8CD5-9C3AFA25E154}.Release|Any CPU.Build.0 = Release|Any CPU
	EndGlobalSection
	GlobalSection(SolutionProperties) = preSolution
		HideSolutionNode = FALSE
	EndGlobalSection
	GlobalSection(ExtensibilityGlobals) = postSolution
		SolutionGuid = {BAEA5FC6-744A-4DEE-A5D6-87B3C92DEF31}
	EndGlobalSection
EndGlobal
